
Microsoft Visual Studio Solution File, Format Version 12.00
# Visual Studio Version 17
VisualStudioVersion = 17.0.32112.339
MinimumVisualStudioVersion = 10.0.40219.1
Project("{9A19103F-16F7-4668-BE54-9A1E7A4F7556}") = "FirstProject", "01\FirstProject\FirstProject.csproj", "{F791ABBB-5AEB-4CD2-8E75-DEE6A4E57B7A}"
EndProject
Project("{9A19103F-16F7-4668-BE54-9A1E7A4F7556}") = "PartyInvites", "02\PartyInvites\PartyInvites.csproj", "{E7A34002-0EE5-45A4-8ACE-FA43931BB799}"
EndProject
Global
	GlobalSection(SolutionConfigurationPlatforms) = preSolution
		Debug|Any CPU = Debug|Any CPU
		Release|Any CPU = Release|Any CPU
	EndGlobalSection
	GlobalSection(ProjectConfigurationPlatforms) = postSolution
		{F791ABBB-5AEB-4CD2-8E75-DEE6A4E57B7A}.Debug|Any CPU.ActiveCfg = Debug|Any CPU
		{F791ABBB-5AEB-4CD2-8E75-DEE6A4E57B7A}.Debug|Any CPU.Build.0 = Debug|Any CPU
		{F791ABBB-5AEB-4CD2-8E75-DEE6A4E57B7A}.Release|Any CPU.ActiveCfg = Release|Any CPU
		{F791ABBB-5AEB-4CD2-8E75-DEE6A4E57B7A}.Release|Any CPU.Build.0 = Release|Any CPU
		{E7A34002-0EE5-45A4-8ACE-FA43931BB799}.Debug|Any CPU.ActiveCfg = Debug|Any CPU
		{E7A34002-0EE5-45A4-8ACE-FA43931BB799}.Debug|Any CPU.Build.0 = Debug|Any CPU
		{E7A34002-0EE5-45A4-8ACE-FA43931BB799}.Release|Any CPU.ActiveCfg = Release|Any CPU
		{E7A34002-0EE5-45A4-8ACE-FA43931BB799}.Release|Any CPU.Build.0 = Release|Any CPU
	EndGlobalSection
	GlobalSection(SolutionProperties) = preSolution
		HideSolutionNode = FALSE
	EndGlobalSection
	GlobalSection(ExtensibilityGlobals) = postSolution
		SolutionGuid = {2B014926-641A-49D6-B926-06AE048C8AE5}
	EndGlobalSection
EndGlobal
